<?xml version="1.0" encoding="utf-8"?>
<Project ToolsVersion="4.0" xmlns="http://schemas.microsoft.com/developer/msbuild/2003">
  <ItemGroup>
    <Filter Include="Source Files">
      <UniqueIdentifier>{4FC737F1-C7A5-4376-A066-2A32D752A2FF}</UniqueIdentifier>
      <Extensions>qml;cpp;c;cc;cxx;def;odl;idl;hpj;bat;asm;asmx</Extensions>
    </Filter>
    <Filter Include="Header Files">
      <UniqueIdentifier>{93995380-89BD-4b04-88EB-625FBE52EBFB}</UniqueIdentifier>
      <Extensions>h;hh;hpp;hxx;hm;inl;inc;xsd</Extensions>
    </Filter>
    <Filter Include="Resource Files">
      <UniqueIdentifier>{67DA6AB6-F800-4c08-8B7A-83BB121AAD01}</UniqueIdentifier>
      <Extensions>qrc;rc;ico;cur;bmp;dlg;rc2;rct;bin;rgs;gif;jpg;jpeg;jpe;resx;tiff;tif;png;wav;mfcribbon-ms</Extensions>
    </Filter>
    <Filter Include="Form Files">
      <UniqueIdentifier>{99349809-55BA-4b9d-BF79-8FDBB0286EB3}</UniqueIdentifier>
      <Extensions>ui</Extensions>
    </Filter>
    <Filter Include="Translation Files">
      <UniqueIdentifier>{639EADAA-A684-42e4-A9AD-28FC9BCB8F7C}</UniqueIdentifier>
      <Extensions>ts</Extensions>
    </Filter>
    <Filter Include="Source Files\Logic">
      <UniqueIdentifier>{36ba1a7c-07d4-47ab-97c0-de9ab1f72728}</UniqueIdentifier>
    </Filter>
    <Filter Include="Header Files\Logic">
      <UniqueIdentifier>{66e6ef25-a6a5-4815-bcb1-52ba93734565}</UniqueIdentifier>
    </Filter>
  </ItemGroup>
  <ItemGroup>
    <QtRcc Include="ChessGame_Qt.qrc">
      <Filter>Resource Files</Filter>
    </QtRcc>
    <QtUic Include="ChessGame_Qt.ui">
      <Filter>Form Files</Filter>
    </QtUic>
    <QtMoc Include="ChessGame_Qt.h">
      <Filter>Header Files</Filter>
    </QtMoc>
    <ClCompile Include="ChessGame_Qt.cpp">
      <Filter>Source Files</Filter>
    </ClCompile>
  </ItemGroup>
  <ItemGroup>
    <ClCompile Include="main.cpp">
      <Filter>Source Files</Filter>
    </ClCompile>
    <ClCompile Include="BoardView.cpp">
      <Filter>Source Files</Filter>
    </ClCompile>
    <ClCompile Include="MenuView.cpp">
      <Filter>Source Files</Filter>
    </ClCompile>
    <ClCompile Include="logic\Action.cpp">
      <Filter>Source Files\Logic</Filter>
    </ClCompile>
    <ClCompile Include="logic\Bishop.cpp">
      <Filter>Source Files\Logic</Filter>
    </ClCompile>
    <ClCompile Include="logic\Character.cpp">
      <Filter>Source Files\Logic</Filter>
    </ClCompile>
    <ClCompile Include="logic\DangerZone.cpp">
      <Filter>Source Files\Logic</Filter>
    </ClCompile>
    <ClCompile Include="logic\Game.cpp">
      <Filter>Source Files\Logic</Filter>
    </ClCompile>
    <ClCompile Include="logic\King.cpp">
      <Filter>Source Files\Logic</Filter>
    </ClCompile>
    <ClCompile Include="logic\Knight.cpp">
      <Filter>Source Files\Logic</Filter>
    </ClCompile>
    <ClCompile Include="logic\Pawn.cpp">
      <Filter>Source Files\Logic</Filter>
    </ClCompile>
    <ClCompile Include="logic\Player.cpp">
      <Filter>Source Files\Logic</Filter>
    </ClCompile>
    <ClCompile Include="logic\PlayerMoves.cpp">
      <Filter>Source Files\Logic</Filter>
    </ClCompile>
    <ClCompile Include="logic\Queen.cpp">
      <Filter>Source Files\Logic</Filter>
    </ClCompile>
    <ClCompile Include="logic\Rook.cpp">
      <Filter>Source Files\Logic</Filter>
    </ClCompile>
    <ClCompile Include="logic\Test.cpp">
      <Filter>Source Files\Logic</Filter>
    </ClCompile>
  </ItemGroup>
  <ItemGroup>
    <QtUic Include="MenuView.ui">
      <Filter>Form Files</Filter>
    </QtUic>
    <QtUic Include="BoardView.ui">
      <Filter>Form Files</Filter>
    </QtUic>
  </ItemGroup>
  <ItemGroup>
    <QtMoc Include="BoardView.h">
      <Filter>Header Files</Filter>
    </QtMoc>
    <QtMoc Include="MenuView.h">
      <Filter>Header Files</Filter>
    </QtMoc>
  </ItemGroup>
  <ItemGroup>
    <ClInclude Include="logic\Action.h">
      <Filter>Header Files\Logic</Filter>
    </ClInclude>
    <ClInclude Include="logic\Bishop.h">
      <Filter>Header Files\Logic</Filter>
    </ClInclude>
    <ClInclude Include="logic\Character.h">
      <Filter>Header Files\Logic</Filter>
    </ClInclude>
    <ClInclude Include="logic\DangerZone.h">
      <Filter>Header Files\Logic</Filter>
    </ClInclude>
    <ClInclude Include="logic\Game.h">
      <Filter>Header Files\Logic</Filter>
    </ClInclude>
    <ClInclude Include="logic\King.h">
      <Filter>Header Files\Logic</Filter>
    </ClInclude>
    <ClInclude Include="logic\Knight.h">
      <Filter>Header Files\Logic</Filter>
    </ClInclude>
    <ClInclude Include="logic\Pawn.h">
      <Filter>Header Files\Logic</Filter>
    </ClInclude>
    <ClInclude Include="logic\Player.h">
      <Filter>Header Files\Logic</Filter>
    </ClInclude>
    <ClInclude Include="logic\PlayerMoves.h">
      <Filter>Header Files\Logic</Filter>
    </ClInclude>
    <ClInclude Include="logic\Queen.h">
      <Filter>Header Files\Logic</Filter>
    </ClInclude>
    <ClInclude Include="logic\Rook.h">
      <Filter>Header Files\Logic</Filter>
    </ClInclude>
    <ClInclude Include="logic\Test.h">
      <Filter>Header Files\Logic</Filter>
    </ClInclude>
  </ItemGroup>
</Project>